
Microsoft Visual Studio Solution File, Format Version 12.00
# Visual Studio Version 16
VisualStudioVersion = 16.0.33328.57
MinimumVisualStudioVersion = 10.0.40219.1
Project("{FAE04EC0-301F-11D3-BF4B-00C04F79EFBC}") = "GitTest", "GitTest\GitTest.csproj", "{F161FDDE-1EC0-422B-BCC1-672F30DBAD72}"
EndProject
Global
	GlobalSection(SolutionConfigurationPlatforms) = preSolution
		Debug|Any CPU = Debug|Any CPU
		Release|Any CPU = Release|Any CPU
	EndGlobalSection
	GlobalSection(ProjectConfigurationPlatforms) = postSolution
		{F161FDDE-1EC0-422B-BCC1-672F30DBAD72}.Debug|Any CPU.ActiveCfg = Debug|Any CPU
		{F161FDDE-1EC0-422B-BCC1-672F30DBAD72}.Debug|Any CPU.Build.0 = Debug|Any CPU
		{F161FDDE-1EC0-422B-BCC1-672F30DBAD72}.Release|Any CPU.ActiveCfg = Release|Any CPU
		{F161FDDE-1EC0-422B-BCC1-672F30DBAD72}.Release|Any CPU.Build.0 = Release|Any CPU
	EndGlobalSection
	GlobalSection(SolutionProperties) = preSolution
		HideSolutionNode = FALSE
	EndGlobalSection
	GlobalSection(ExtensibilityGlobals) = postSolution
		SolutionGuid = {35E0AB03-E220-42A6-A789-78D186BB5ABA}
	EndGlobalSection
EndGlobal
